
Microsoft Visual Studio Solution File, Format Version 12.00
# Visual Studio Version 17
VisualStudioVersion = 17.9.34723.18
MinimumVisualStudioVersion = 10.0.40219.1
Project("{FAE04EC0-301F-11D3-BF4B-00C04F79EFBC}") = "AzureContinueDeployment", "AzureContinueDeployment.csproj", "{27E08DB7-C002-468C-93E0-D32B46A4C930}"
EndProject
Global
	GlobalSection(SolutionConfigurationPlatforms) = preSolution
		Debug|Any CPU = Debug|Any CPU
		Release|Any CPU = Release|Any CPU
	EndGlobalSection
	GlobalSection(ProjectConfigurationPlatforms) = postSolution
		{27E08DB7-C002-468C-93E0-D32B46A4C930}.Debug|Any CPU.ActiveCfg = Debug|Any CPU
		{27E08DB7-C002-468C-93E0-D32B46A4C930}.Debug|Any CPU.Build.0 = Debug|Any CPU
		{27E08DB7-C002-468C-93E0-D32B46A4C930}.Release|Any CPU.ActiveCfg = Release|Any CPU
		{27E08DB7-C002-468C-93E0-D32B46A4C930}.Release|Any CPU.Build.0 = Release|Any CPU
	EndGlobalSection
	GlobalSection(SolutionProperties) = preSolution
		HideSolutionNode = FALSE
	EndGlobalSection
	GlobalSection(ExtensibilityGlobals) = postSolution
		SolutionGuid = {5FC309FB-A335-470A-8A2B-20CE8E094EA0}
	EndGlobalSection
EndGlobal
